// !$*UTF8*$!
{
	archiveVersion = 1;
	classes = {
	};
	objectVersion = 51;
	objects = {

/* Begin PBXBuildFile section */
		C63FA53723AECCB500735EE0 /* SignInViewController.swift in Sources */ = {isa = PBXBuildFile; fileRef = C63FA53623AECCB500735EE0 /* SignInViewController.swift */; };
		C6A356BC23A1BA0900C064C8 /* AppDelegate.swift in Sources */ = {isa = PBXBuildFile; fileRef = C6A356BB23A1BA0900C064C8 /* AppDelegate.swift */; };
		C6A356BE23A1BA0900C064C8 /* SceneDelegate.swift in Sources */ = {isa = PBXBuildFile; fileRef = C6A356BD23A1BA0900C064C8 /* SceneDelegate.swift */; };
		C6A356C323A1BA0900C064C8 /* Main.storyboard in Resources */ = {isa = PBXBuildFile; fileRef = C6A356C123A1BA0900C064C8 /* Main.storyboard */; };
		C6A356C523A1BA0A00C064C8 /* Assets.xcassets in Resources */ = {isa = PBXBuildFile; fileRef = C6A356C423A1BA0A00C064C8 /* Assets.xcassets */; };
		C6A356C823A1BA0A00C064C8 /* LaunchScreen.storyboard in Resources */ = {isa = PBXBuildFile; fileRef = C6A356C623A1BA0A00C064C8 /* LaunchScreen.storyboard */; };
		C6A356D223A1BA4200C064C8 /* User.swift in Sources */ = {isa = PBXBuildFile; fileRef = C6A356CF23A1BA4200C064C8 /* User.swift */; };
		C6A356D323A1BA4200C064C8 /* Review.swift in Sources */ = {isa = PBXBuildFile; fileRef = C6A356D023A1BA4200C064C8 /* Review.swift */; };
		C6A356D423A1BA4200C064C8 /* Offer.swift in Sources */ = {isa = PBXBuildFile; fileRef = C6A356D123A1BA4200C064C8 /* Offer.swift */; };
		C6DDCCAE23A1BE2C00E25DA5 /* GoogleService-Info.plist in Resources */ = {isa = PBXBuildFile; fileRef = C6DDCCAD23A1BE2C00E25DA5 /* GoogleService-Info.plist */; };
		C6DDCCB023A1C98500E25DA5 /* ContainerController.swift in Sources */ = {isa = PBXBuildFile; fileRef = C6DDCCAF23A1C98500E25DA5 /* ContainerController.swift */; };
		E4BFBE9032A5D376310DF5BA /* Pods_CoinPort.framework in Frameworks */ = {isa = PBXBuildFile; fileRef = 4BD6A49AF7727292DCBD1BEE /* Pods_CoinPort.framework */; };
/* End PBXBuildFile section */

/* Begin PBXFileReference section */
		4BD6A49AF7727292DCBD1BEE /* Pods_CoinPort.framework */ = {isa = PBXFileReference; explicitFileType = wrapper.framework; includeInIndex = 0; path = Pods_CoinPort.framework; sourceTree = BUILT_PRODUCTS_DIR; };
		6B438E1AB70975859B9FE0B8 /* Pods-CoinPort.debug.xcconfig */ = {isa = PBXFileReference; includeInIndex = 1; lastKnownFileType = text.xcconfig; name = "Pods-CoinPort.debug.xcconfig"; path = "Target Support Files/Pods-CoinPort/Pods-CoinPort.debug.xcconfig"; sourceTree = "<group>"; };
		7A1D9FBF3766009305D5BA65 /* Pods-CoinPort.release.xcconfig */ = {isa = PBXFileReference; includeInIndex = 1; lastKnownFileType = text.xcconfig; name = "Pods-CoinPort.release.xcconfig"; path = "Target Support Files/Pods-CoinPort/Pods-CoinPort.release.xcconfig"; sourceTree = "<group>"; };
		C63FA53623AECCB500735EE0 /* SignInViewController.swift */ = {isa = PBXFileReference; lastKnownFileType = sourcecode.swift; path = SignInViewController.swift; sourceTree = "<group>"; };
		C6A356B823A1BA0900C064C8 /* CoinPort.app */ = {isa = PBXFileReference; explicitFileType = wrapper.application; includeInIndex = 0; path = CoinPort.app; sourceTree = BUILT_PRODUCTS_DIR; };
		C6A356BB23A1BA0900C064C8 /* AppDelegate.swift */ = {isa = PBXFileReference; lastKnownFileType = sourcecode.swift; path = AppDelegate.swift; sourceTree = "<group>"; };
		C6A356BD23A1BA0900C064C8 /* SceneDelegate.swift */ = {isa = PBXFileReference; lastKnownFileType = sourcecode.swift; path = SceneDelegate.swift; sourceTree = "<group>"; };
		C6A356C223A1BA0900C064C8 /* Base */ = {isa = PBXFileReference; lastKnownFileType = file.storyboard; name = Base; path = Base.lproj/Main.storyboard; sourceTree = "<group>"; };
		C6A356C423A1BA0A00C064C8 /* Assets.xcassets */ = {isa = PBXFileReference; lastKnownFileType = folder.assetcatalog; path = Assets.xcassets; sourceTree = "<group>"; };
		C6A356C723A1BA0A00C064C8 /* Base */ = {isa = PBXFileReference; lastKnownFileType = file.storyboard; name = Base; path = Base.lproj/LaunchScreen.storyboard; sourceTree = "<group>"; };
		C6A356C923A1BA0A00C064C8 /* Info.plist */ = {isa = PBXFileReference; lastKnownFileType = text.plist.xml; path = Info.plist; sourceTree = "<group>"; };
		C6A356CF23A1BA4200C064C8 /* User.swift */ = {isa = PBXFileReference; fileEncoding = 4; lastKnownFileType = sourcecode.swift; path = User.swift; sourceTree = "<group>"; };
		C6A356D023A1BA4200C064C8 /* Review.swift */ = {isa = PBXFileReference; fileEncoding = 4; lastKnownFileType = sourcecode.swift; path = Review.swift; sourceTree = "<group>"; };
		C6A356D123A1BA4200C064C8 /* Offer.swift */ = {isa = PBXFileReference; fileEncoding = 4; lastKnownFileType = sourcecode.swift; path = Offer.swift; sourceTree = "<group>"; };
		C6DDCCAD23A1BE2C00E25DA5 /* GoogleService-Info.plist */ = {isa = PBXFileReference; fileEncoding = 4; lastKnownFileType = text.plist.xml; path = "GoogleService-Info.plist"; sourceTree = "<group>"; };
		C6DDCCAF23A1C98500E25DA5 /* ContainerController.swift */ = {isa = PBXFileReference; lastKnownFileType = sourcecode.swift; path = ContainerController.swift; sourceTree = "<group>"; };
/* End PBXFileReference section */

/* Begin PBXFrameworksBuildPhase section */
		C6A356B523A1BA0900C064C8 /* Frameworks */ = {
			isa = PBXFrameworksBuildPhase;
			buildActionMask = 2147483647;
			files = (
				E4BFBE9032A5D376310DF5BA /* Pods_CoinPort.framework in Frameworks */,
			);
			runOnlyForDeploymentPostprocessing = 0;
		};
/* End PBXFrameworksBuildPhase section */

/* Begin PBXGroup section */
		C6A356AF23A1BA0900C064C8 = {
			isa = PBXGroup;
			children = (
				C6A356BA23A1BA0900C064C8 /* CoinPort */,
				C6A356B923A1BA0900C064C8 /* Products */,
				EDBAB21E079B3E3E39A5AB78 /* Pods */,
				D97C0B9A28C4AABE50AA779C /* Frameworks */,
			);
			sourceTree = "<group>";
		};
		C6A356B923A1BA0900C064C8 /* Products */ = {
			isa = PBXGroup;
			children = (
				C6A356B823A1BA0900C064C8 /* CoinPort.app */,
			);
			name = Products;
			sourceTree = "<group>";
		};
		C6A356BA23A1BA0900C064C8 /* CoinPort */ = {
			isa = PBXGroup;
			children = (
				C6DDCCAA23A1BB8100E25DA5 /* Controllers */,
				C6A356D523A1BA4B00C064C8 /* DataModel */,
				C6A356BB23A1BA0900C064C8 /* AppDelegate.swift */,
				C6A356BD23A1BA0900C064C8 /* SceneDelegate.swift */,
				C6A356C123A1BA0900C064C8 /* Main.storyboard */,
				C6A356C423A1BA0A00C064C8 /* Assets.xcassets */,
				C6A356C623A1BA0A00C064C8 /* LaunchScreen.storyboard */,
				C6A356C923A1BA0A00C064C8 /* Info.plist */,
				C6DDCCAD23A1BE2C00E25DA5 /* GoogleService-Info.plist */,
			);
			path = CoinPort;
			sourceTree = "<group>";
		};
		C6A356D523A1BA4B00C064C8 /* DataModel */ = {
			isa = PBXGroup;
			children = (
				C6A356D123A1BA4200C064C8 /* Offer.swift */,
				C6A356D023A1BA4200C064C8 /* Review.swift */,
				C6A356CF23A1BA4200C064C8 /* User.swift */,
			);
			path = DataModel;
			sourceTree = "<group>";
		};
		C6DDCCAA23A1BB8100E25DA5 /* Controllers */ = {
			isa = PBXGroup;
			children = (
				C6DDCCAF23A1C98500E25DA5 /* ContainerController.swift */,
				C63FA53623AECCB500735EE0 /* SignInViewController.swift */,
			);
			path = Controllers;
			sourceTree = "<group>";
		};
		D97C0B9A28C4AABE50AA779C /* Frameworks */ = {
			isa = PBXGroup;
			children = (
				4BD6A49AF7727292DCBD1BEE /* Pods_CoinPort.framework */,
			);
			name = Frameworks;
			sourceTree = "<group>";
		};
		EDBAB21E079B3E3E39A5AB78 /* Pods */ = {
			isa = PBXGroup;
			children = (
				6B438E1AB70975859B9FE0B8 /* Pods-CoinPort.debug.xcconfig */,
				7A1D9FBF3766009305D5BA65 /* Pods-CoinPort.release.xcconfig */,
			);
			path = Pods;
			sourceTree = "<group>";
		};
/* End PBXGroup section */

/* Begin PBXNativeTarget section */
		C6A356B723A1BA0900C064C8 /* CoinPort */ = {
			isa = PBXNativeTarget;
			buildConfigurationList = C6A356CC23A1BA0A00C064C8 /* Build configuration list for PBXNativeTarget "CoinPort" */;
			buildPhases = (
				BEA28A2A16742155D42E8379 /* [CP] Check Pods Manifest.lock */,
				C6A356B423A1BA0900C064C8 /* Sources */,
				C6A356B523A1BA0900C064C8 /* Frameworks */,
				C6A356B623A1BA0900C064C8 /* Resources */,
				1BAA15135E4B17E85F3BC4D4 /* [CP] Embed Pods Frameworks */,
				15E08CEFCCCEB4A7DF921546 /* [CP] Copy Pods Resources */,
			);
			buildRules = (
			);
			dependencies = (
			);
			name = CoinPort;
			productName = CoinPort;
			productReference = C6A356B823A1BA0900C064C8 /* CoinPort.app */;
			productType = "com.apple.product-type.application";
		};
/* End PBXNativeTarget section */

/* Begin PBXProject section */
		C6A356B023A1BA0900C064C8 /* Project object */ = {
			isa = PBXProject;
			attributes = {
				LastSwiftUpdateCheck = 1130;
				LastUpgradeCheck = 1130;
				ORGANIZATIONNAME = "Kamal Maged";
				TargetAttributes = {
					C6A356B723A1BA0900C064C8 = {
						CreatedOnToolsVersion = 11.3;
					};
				};
			};
			buildConfigurationList = C6A356B323A1BA0900C064C8 /* Build configuration list for PBXProject "CoinPort" */;
			compatibilityVersion = "Xcode 9.3";
			developmentRegion = en;
			hasScannedForEncodings = 0;
			knownRegions = (
				en,
				Base,
			);
			mainGroup = C6A356AF23A1BA0900C064C8;
			productRefGroup = C6A356B923A1BA0900C064C8 /* Products */;
			projectDirPath = "";
			projectRoot = "";
			targets = (
				C6A356B723A1BA0900C064C8 /* CoinPort */,
			);
		};
/* End PBXProject section */

/* Begin PBXResourcesBuildPhase section */
		C6A356B623A1BA0900C064C8 /* Resources */ = {
			isa = PBXResourcesBuildPhase;
			buildActionMask = 2147483647;
			files = (
				C6A356C823A1BA0A00C064C8 /* LaunchScreen.storyboard in Resources */,
				C6DDCCAE23A1BE2C00E25DA5 /* GoogleService-Info.plist in Resources */,
				C6A356C523A1BA0A00C064C8 /* Assets.xcassets in Resources */,
				C6A356C323A1BA0900C064C8 /* Main.storyboard in Resources */,
			);
			runOnlyForDeploymentPostprocessing = 0;
		};
/* End PBXResourcesBuildPhase section */

/* Begin PBXShellScriptBuildPhase section */
		15E08CEFCCCEB4A7DF921546 /* [CP] Copy Pods Resources */ = {
			isa = PBXShellScriptBuildPhase;
			buildActionMask = 2147483647;
			files = (
			);
			inputFileListPaths = (
				"${PODS_ROOT}/Target Support Files/Pods-CoinPort/Pods-CoinPort-resources-${CONFIGURATION}-input-files.xcfilelist",
			);
			name = "[CP] Copy Pods Resources";
			outputFileListPaths = (
				"${PODS_ROOT}/Target Support Files/Pods-CoinPort/Pods-CoinPort-resources-${CONFIGURATION}-output-files.xcfilelist",
			);
			runOnlyForDeploymentPostprocessing = 0;
			shellPath = /bin/sh;
			shellScript = "\"${PODS_ROOT}/Target Support Files/Pods-CoinPort/Pods-CoinPort-resources.sh\"\n";
			showEnvVarsInLog = 0;
		};
		1BAA15135E4B17E85F3BC4D4 /* [CP] Embed Pods Frameworks */ = {
			isa = PBXShellScriptBuildPhase;
			buildActionMask = 2147483647;
			files = (
			);
			inputFileListPaths = (
				"${PODS_ROOT}/Target Support Files/Pods-CoinPort/Pods-CoinPort-frameworks-${CONFIGURATION}-input-files.xcfilelist",
			);
			name = "[CP] Embed Pods Frameworks";
			outputFileListPaths = (
				"${PODS_ROOT}/Target Support Files/Pods-CoinPort/Pods-CoinPort-frameworks-${CONFIGURATION}-output-files.xcfilelist",
			);
			runOnlyForDeploymentPostprocessing = 0;
			shellPath = /bin/sh;
			shellScript = "\"${PODS_ROOT}/Target Support Files/Pods-CoinPort/Pods-CoinPort-frameworks.sh\"\n";
			showEnvVarsInLog = 0;
		};
		BEA28A2A16742155D42E8379 /* [CP] Check Pods Manifest.lock */ = {
			isa = PBXShellScriptBuildPhase;
			buildActionMask = 2147483647;
			files = (
			);
			inputFileListPaths = (
			);
			inputPaths = (
				"${PODS_PODFILE_DIR_PATH}/Podfile.lock",
				"${PODS_ROOT}/Manifest.lock",
			);
			name = "[CP] Check Pods Manifest.lock";
			outputFileListPaths = (
			);
			outputPaths = (
				"$(DERIVED_FILE_DIR)/Pods-CoinPort-checkManifestLockResult.txt",
			);
			runOnlyForDeploymentPostprocessing = 0;
			shellPath = /bin/sh;
			shellScript = "diff \"${PODS_PODFILE_DIR_PATH}/Podfile.lock\" \"${PODS_ROOT}/Manifest.lock\" > /dev/null\nif [ $? != 0 ] ; then\n    # print error to STDERR\n    echo \"error: The sandbox is not in sync with the Podfile.lock. Run 'pod install' or update your CocoaPods installation.\" >&2\n    exit 1\nfi\n# This output is used by Xcode 'outputs' to avoid re-running this script phase.\necho \"SUCCESS\" > \"${SCRIPT_OUTPUT_FILE_0}\"\n";
			showEnvVarsInLog = 0;
		};
/* End PBXShellScriptBuildPhase section */

/* Begin PBXSourcesBuildPhase section */
		C6A356B423A1BA0900C064C8 /* Sources */ = {
			isa = PBXSourcesBuildPhase;
			buildActionMask = 2147483647;
			files = (
				C63FA53723AECCB500735EE0 /* SignInViewController.swift in Sources */,
				C6A356D423A1BA4200C064C8 /* Offer.swift in Sources */,
				C6A356D323A1BA4200C064C8 /* Review.swift in Sources */,
				C6A356D223A1BA4200C064C8 /* User.swift in Sources */,
				C6DDCCB023A1C98500E25DA5 /* ContainerController.swift in Sources */,
				C6A356BC23A1BA0900C064C8 /* AppDelegate.swift in Sources */,
				C6A356BE23A1BA0900C064C8 /* SceneDelegate.swift in Sources */,
			);
			runOnlyForDeploymentPostprocessing = 0;
		};
/* End PBXSourcesBuildPhase section */

/* Begin PBXVariantGroup section */
		C6A356C123A1BA0900C064C8 /* Main.storyboard */ = {
			isa = PBXVariantGroup;
			children = (
				C6A356C223A1BA0900C064C8 /* Base */,
			);
			name = Main.storyboard;
			sourceTree = "<group>";
		};
		C6A356C623A1BA0A00C064C8 /* LaunchScreen.storyboard */ = {
			isa = PBXVariantGroup;
			children = (
				C6A356C723A1BA0A00C064C8 /* Base */,
			);
			name = LaunchScreen.storyboard;
			sourceTree = "<group>";
		};
/* End PBXVariantGroup section */

/* Begin XCBuildConfiguration section */
		C6A356CA23A1BA0A00C064C8 /* Debug */ = {
			isa = XCBuildConfiguration;
			buildSettings = {
				ALWAYS_SEARCH_USER_PATHS = NO;
				CLANG_ANALYZER_NONNULL = YES;
				CLANG_ANALYZER_NUMBER_OBJECT_CONVERSION = YES_AGGRESSIVE;
				CLANG_CXX_LANGUAGE_STANDARD = "gnu++14";
				CLANG_CXX_LIBRARY = "libc++";
				CLANG_ENABLE_MODULES = YES;
				CLANG_ENABLE_OBJC_ARC = YES;
				CLANG_ENABLE_OBJC_WEAK = YES;
				CLANG_WARN_BLOCK_CAPTURE_AUTORELEASING = YES;
				CLANG_WARN_BOOL_CONVERSION = YES;
				CLANG_WARN_COMMA = YES;
				CLANG_WARN_CONSTANT_CONVERSION = YES;
				CLANG_WARN_DEPRECATED_OBJC_IMPLEMENTATIONS = YES;
				CLANG_WARN_DIRECT_OBJC_ISA_USAGE = YES_ERROR;
				CLANG_WARN_DOCUMENTATION_COMMENTS = YES;
				CLANG_WARN_EMPTY_BODY = YES;
				CLANG_WARN_ENUM_CONVERSION = YES;
				CLANG_WARN_INFINITE_RECURSION = YES;
				CLANG_WARN_INT_CONVERSION = YES;
				CLANG_WARN_NON_LITERAL_NULL_CONVERSION = YES;
				CLANG_WARN_OBJC_IMPLICIT_RETAIN_SELF = YES;
				CLANG_WARN_OBJC_LITERAL_CONVERSION = YES;
				CLANG_WARN_OBJC_ROOT_CLASS = YES_ERROR;
				CLANG_WARN_RANGE_LOOP_ANALYSIS = YES;
				CLANG_WARN_STRICT_PROTOTYPES = YES;
				CLANG_WARN_SUSPICIOUS_MOVE = YES;
				CLANG_WARN_UNGUARDED_AVAILABILITY = YES_AGGRESSIVE;
				CLANG_WARN_UNREACHABLE_CODE = YES;
				CLANG_WARN__DUPLICATE_METHOD_MATCH = YES;
				COPY_PHASE_STRIP = NO;
				DEBUG_INFORMATION_FORMAT = dwarf;
				ENABLE_STRICT_OBJC_MSGSEND = YES;
				ENABLE_TESTABILITY = YES;
				GCC_C_LANGUAGE_STANDARD = gnu11;
				GCC_DYNAMIC_NO_PIC = NO;
				GCC_NO_COMMON_BLOCKS = YES;
				GCC_OPTIMIZATION_LEVEL = 0;
				GCC_PREPROCESSOR_DEFINITIONS = (
					"DEBUG=1",
					"$(inherited)",
				);
				GCC_WARN_64_TO_32_BIT_CONVERSION = YES;
				GCC_WARN_ABOUT_RETURN_TYPE = YES_ERROR;
				GCC_WARN_UNDECLARED_SELECTOR = YES;
				GCC_WARN_UNINITIALIZED_AUTOS = YES_AGGRESSIVE;
				GCC_WARN_UNUSED_FUNCTION = YES;
				GCC_WARN_UNUSED_VARIABLE = YES;
				IPHONEOS_DEPLOYMENT_TARGET = 13.2;
				MTL_ENABLE_DEBUG_INFO = INCLUDE_SOURCE;
				MTL_FAST_MATH = YES;
				ONLY_ACTIVE_ARCH = YES;
				SDKROOT = iphoneos;
				SWIFT_ACTIVE_COMPILATION_CONDITIONS = DEBUG;
				SWIFT_OPTIMIZATION_LEVEL = "-Onone";
			};
			name = Debug;
		};
		C6A356CB23A1BA0A00C064C8 /* Release */ = {
			isa = XCBuildConfiguration;
			buildSettings = {
				ALWAYS_SEARCH_USER_PATHS = NO;
				CLANG_ANALYZER_NONNULL = YES;
				CLANG_ANALYZER_NUMBER_OBJECT_CONVERSION = YES_AGGRESSIVE;
				CLANG_CXX_LANGUAGE_STANDARD = "gnu++14";
				CLANG_CXX_LIBRARY = "libc++";
				CLANG_ENABLE_MODULES = YES;
				CLANG_ENABLE_OBJC_ARC = YES;
				CLANG_ENABLE_OBJC_WEAK = YES;
				CLANG_WARN_BLOCK_CAPTURE_AUTORELEASING = YES;
				CLANG_WARN_BOOL_CONVERSION = YES;
				CLANG_WARN_COMMA = YES;
				CLANG_WARN_CONSTANT_CONVERSION = YES;
				CLANG_WARN_DEPRECATED_OBJC_IMPLEMENTATIONS = YES;
				CLANG_WARN_DIRECT_OBJC_ISA_USAGE = YES_ERROR;
				CLANG_WARN_DOCUMENTATION_COMMENTS = YES;
				CLANG_WARN_EMPTY_BODY = YES;
				CLANG_WARN_ENUM_CONVERSION = YES;
				CLANG_WARN_INFINITE_RECURSION = YES;
				CLANG_WARN_INT_CONVERSION = YES;
				CLANG_WARN_NON_LITERAL_NULL_CONVERSION = YES;
				CLANG_WARN_OBJC_IMPLICIT_RETAIN_SELF = YES;
				CLANG_WARN_OBJC_LITERAL_CONVERSION = YES;
				CLANG_WARN_OBJC_ROOT_CLASS = YES_ERROR;
				CLANG_WARN_RANGE_LOOP_ANALYSIS = YES;
				CLANG_WARN_STRICT_PROTOTYPES = YES;
				CLANG_WARN_SUSPICIOUS_MOVE = YES;
				CLANG_WARN_UNGUARDED_AVAILABILITY = YES_AGGRESSIVE;
				CLANG_WARN_UNREACHABLE_CODE = YES;
				CLANG_WARN__DUPLICATE_METHOD_MATCH = YES;
				COPY_PHASE_STRIP = NO;
				DEBUG_INFORMATION_FORMAT = "dwarf-with-dsym";
				ENABLE_NS_ASSERTIONS = NO;
				ENABLE_STRICT_OBJC_MSGSEND = YES;
				GCC_C_LANGUAGE_STANDARD = gnu11;
				GCC_NO_COMMON_BLOCKS = YES;
				GCC_WARN_64_TO_32_BIT_CONVERSION = YES;
				GCC_WARN_ABOUT_RETURN_TYPE = YES_ERROR;
				GCC_WARN_UNDECLARED_SELECTOR = YES;
				GCC_WARN_UNINITIALIZED_AUTOS = YES_AGGRESSIVE;
				GCC_WARN_UNUSED_FUNCTION = YES;
				GCC_WARN_UNUSED_VARIABLE = YES;
				IPHONEOS_DEPLOYMENT_TARGET = 13.2;
				MTL_ENABLE_DEBUG_INFO = NO;
				MTL_FAST_MATH = YES;
				SDKROOT = iphoneos;
				SWIFT_COMPILATION_MODE = wholemodule;
				SWIFT_OPTIMIZATION_LEVEL = "-O";
				VALIDATE_PRODUCT = YES;
			};
			name = Release;
		};
		C6A356CD23A1BA0A00C064C8 /* Debug */ = {
			isa = XCBuildConfiguration;
			baseConfigurationReference = 6B438E1AB70975859B9FE0B8 /* Pods-CoinPort.debug.xcconfig */;
			buildSettings = {
				ASSETCATALOG_COMPILER_APPICON_NAME = AppIcon;
				CODE_SIGN_STYLE = Automatic;
				DEVELOPMENT_TEAM = X6GVVL7554;
				INFOPLIST_FILE = CoinPort/Info.plist;
				LD_RUNPATH_SEARCH_PATHS = (
					"$(inherited)",
					"@executable_path/Frameworks",
				);
				PRODUCT_BUNDLE_IDENTIFIER = Kamal.CoinPort;
				PRODUCT_NAME = "$(TARGET_NAME)";
				SWIFT_VERSION = 5.0;
				TARGETED_DEVICE_FAMILY = "1,2";
			};
			name = Debug;
		};
		C6A356CE23A1BA0A00C064C8 /* Release */ = {
			isa = XCBuildConfiguration;
			baseConfigurationReference = 7A1D9FBF3766009305D5BA65 /* Pods-CoinPort.release.xcconfig */;
			buildSettings = {
				ASSETCATALOG_COMPILER_APPICON_NAME = AppIcon;
				CODE_SIGN_STYLE = Automatic;
				DEVELOPMENT_TEAM = X6GVVL7554;
				INFOPLIST_FILE = CoinPort/Info.plist;
				LD_RUNPATH_SEARCH_PATHS = (
					"$(inherited)",
					"@executable_path/Frameworks",
				);
				PRODUCT_BUNDLE_IDENTIFIER = Kamal.CoinPort;
				PRODUCT_NAME = "$(TARGET_NAME)";
				SWIFT_VERSION = 5.0;
				TARGETED_DEVICE_FAMILY = "1,2";
			};
			name = Release;
		};
/* End XCBuildConfiguration section */

/* Begin XCConfigurationList section */
		C6A356B323A1BA0900C064C8 /* Build configuration list for PBXProject "CoinPort" */ = {
			isa = XCConfigurationList;
			buildConfigurations = (
				C6A356CA23A1BA0A00C064C8 /* Debug */,
				C6A356CB23A1BA0A00C064C8 /* Release */,
			);
			defaultConfigurationIsVisible = 0;
			defaultConfigurationName = Release;
		};
		C6A356CC23A1BA0A00C064C8 /* Build configuration list for PBXNativeTarget "CoinPort" */ = {
			isa = XCConfigurationList;
			buildConfigurations = (
				C6A356CD23A1BA0A00C064C8 /* Debug */,
				C6A356CE23A1BA0A00C064C8 /* Release */,
			);
			defaultConfigurationIsVisible = 0;
			defaultConfigurationName = Release;
		};
/* End XCConfigurationList section */
	};
	rootObject = C6A356B023A1BA0900C064C8 /* Project object */;
}
